Microsoft Visual Studio Solution File, Format Version 12.00
# Visual Studio Version 17
VisualStudioVersion = 17.5.2.0
MinimumVisualStudioVersion = 10.0.40219.1
Project("{FAE04EC0-301F-11D3-BF4B-00C04F79EFBC}") = "cmd_example", "cmd_example\cmd_example.csproj", "{5A5BCE2D-0F16-92C7-1D26-A6C54F0956E1}"
EndProject
Project("{FAE04EC0-301F-11D3-BF4B-00C04F79EFBC}") = "mlCommand", "mlCommand\mlCommand.csproj", "{966DB399-95E2-154F-A57D-9F2B95247012}"
EndProject
Global
	GlobalSection(SolutionConfigurationPlatforms) = preSolution
		Debug|Any CPU = Debug|Any CPU
		Release|Any CPU = Release|Any CPU
	EndGlobalSection
	GlobalSection(ProjectConfigurationPlatforms) = postSolution
		{5A5BCE2D-0F16-92C7-1D26-A6C54F0956E1}.Debug|Any CPU.ActiveCfg = Debug|Any CPU
		{5A5BCE2D-0F16-92C7-1D26-A6C54F0956E1}.Debug|Any CPU.Build.0 = Debug|Any CPU
		{5A5BCE2D-0F16-92C7-1D26-A6C54F0956E1}.Release|Any CPU.ActiveCfg = Release|Any CPU
		{5A5BCE2D-0F16-92C7-1D26-A6C54F0956E1}.Release|Any CPU.Build.0 = Release|Any CPU
		{966DB399-95E2-154F-A57D-9F2B95247012}.Debug|Any CPU.ActiveCfg = Debug|Any CPU
		{966DB399-95E2-154F-A57D-9F2B95247012}.Debug|Any CPU.Build.0 = Debug|Any CPU
		{966DB399-95E2-154F-A57D-9F2B95247012}.Release|Any CPU.ActiveCfg = Release|Any CPU
		{966DB399-95E2-154F-A57D-9F2B95247012}.Release|Any CPU.Build.0 = Release|Any CPU
	EndGlobalSection
	GlobalSection(SolutionProperties) = preSolution
		HideSolutionNode = FALSE
	EndGlobalSection
	GlobalSection(ExtensibilityGlobals) = postSolution
		SolutionGuid = {5C855D6B-1109-4AC2-8542-CE78F7FDAE45}
	EndGlobalSection
EndGlobal
